
Microsoft Visual Studio Solution File, Format Version 11.00
# Visual Studio 2010
Project("{FAE04EC0-301F-11D3-BF4B-00C04F79EFBC}") = "UniRx", "UniRx.csproj", "{f00aa1d5-a3f0-34c7-d151-88b32413ce41}"
EndProject
Project("{FAE04EC0-301F-11D3-BF4B-00C04F79EFBC}") = "Assembly-CSharp-firstpass", "Assembly-CSharp-firstpass.csproj", "{6d85560f-031a-792b-5752-8aafbab0f6c5}"
EndProject
Project("{FAE04EC0-301F-11D3-BF4B-00C04F79EFBC}") = "UniRx.Examples", "UniRx.Examples.csproj", "{03659c3b-81af-f03b-0acf-b7a67fcec653}"
EndProject
Project("{FAE04EC0-301F-11D3-BF4B-00C04F79EFBC}") = "Assembly-CSharp-Editor", "Assembly-CSharp-Editor.csproj", "{f2753293-cfa7-4cf3-4762-7b86098194bb}"
EndProject
Global
	GlobalSection(SolutionConfigurationPlatforms) = preSolution
		Debug|Any CPU = Debug|Any CPU
	EndGlobalSection
	GlobalSection(ProjectConfigurationPlatforms) = postSolution
		{f00aa1d5-a3f0-34c7-d151-88b32413ce41}.Debug|Any CPU.ActiveCfg = Debug|Any CPU
		{f00aa1d5-a3f0-34c7-d151-88b32413ce41}.Debug|Any CPU.Build.0 = Debug|Any CPU
		{6d85560f-031a-792b-5752-8aafbab0f6c5}.Debug|Any CPU.ActiveCfg = Debug|Any CPU
		{6d85560f-031a-792b-5752-8aafbab0f6c5}.Debug|Any CPU.Build.0 = Debug|Any CPU
		{03659c3b-81af-f03b-0acf-b7a67fcec653}.Debug|Any CPU.ActiveCfg = Debug|Any CPU
		{03659c3b-81af-f03b-0acf-b7a67fcec653}.Debug|Any CPU.Build.0 = Debug|Any CPU
		{f2753293-cfa7-4cf3-4762-7b86098194bb}.Debug|Any CPU.ActiveCfg = Debug|Any CPU
		{f2753293-cfa7-4cf3-4762-7b86098194bb}.Debug|Any CPU.Build.0 = Debug|Any CPU
	EndGlobalSection
	GlobalSection(SolutionProperties) = preSolution
		HideSolutionNode = FALSE
	EndGlobalSection
EndGlobal
